
Microsoft Visual Studio Solution File, Format Version 12.00
Project("{FAE04EC0-301F-11D3-BF4B-00C04F79EFBC}") = "GeneticOptimization", "GeneticOptimization\GeneticOptimization.csproj", "{0544F1DB-84B9-40A6-B148-85AA264E3A65}"
EndProject
Project("{FAE04EC0-301F-11D3-BF4B-00C04F79EFBC}") = "Runner", "Runner\Runner.csproj", "{22788C8B-ED51-4295-871E-F8A6D92A9EB9}"
EndProject
Project("{FAE04EC0-301F-11D3-BF4B-00C04F79EFBC}") = "NearestNeighbor", "NearestNeighbor\NearestNeighbor.csproj", "{8A414044-D995-4F65-B176-89F08D145ED1}"
EndProject
Project("{FAE04EC0-301F-11D3-BF4B-00C04F79EFBC}") = "AbstractionProvider", "AbstractionProvider\AbstractionProvider.csproj", "{C0AAC329-A053-48FD-ABF2-DBB97DD990DB}"
EndProject
Project("{FAE04EC0-301F-11D3-BF4B-00C04F79EFBC}") = "CodeCompiler", "CodeCompiler\CodeCompiler.csproj", "{509C2C38-2B6D-41A5-8CF1-8C3BFF121A3F}"
EndProject
Global
	GlobalSection(SolutionConfigurationPlatforms) = preSolution
		Debug|Any CPU = Debug|Any CPU
		Release|Any CPU = Release|Any CPU
	EndGlobalSection
	GlobalSection(ProjectConfigurationPlatforms) = postSolution
		{0544F1DB-84B9-40A6-B148-85AA264E3A65}.Debug|Any CPU.ActiveCfg = Debug|Any CPU
		{0544F1DB-84B9-40A6-B148-85AA264E3A65}.Debug|Any CPU.Build.0 = Debug|Any CPU
		{0544F1DB-84B9-40A6-B148-85AA264E3A65}.Release|Any CPU.ActiveCfg = Release|Any CPU
		{0544F1DB-84B9-40A6-B148-85AA264E3A65}.Release|Any CPU.Build.0 = Release|Any CPU
		{22788C8B-ED51-4295-871E-F8A6D92A9EB9}.Debug|Any CPU.ActiveCfg = Debug|Any CPU
		{22788C8B-ED51-4295-871E-F8A6D92A9EB9}.Debug|Any CPU.Build.0 = Debug|Any CPU
		{22788C8B-ED51-4295-871E-F8A6D92A9EB9}.Release|Any CPU.ActiveCfg = Release|Any CPU
		{22788C8B-ED51-4295-871E-F8A6D92A9EB9}.Release|Any CPU.Build.0 = Release|Any CPU
		{8A414044-D995-4F65-B176-89F08D145ED1}.Debug|Any CPU.ActiveCfg = Debug|Any CPU
		{8A414044-D995-4F65-B176-89F08D145ED1}.Debug|Any CPU.Build.0 = Debug|Any CPU
		{8A414044-D995-4F65-B176-89F08D145ED1}.Release|Any CPU.ActiveCfg = Release|Any CPU
		{8A414044-D995-4F65-B176-89F08D145ED1}.Release|Any CPU.Build.0 = Release|Any CPU
		{C0AAC329-A053-48FD-ABF2-DBB97DD990DB}.Debug|Any CPU.ActiveCfg = Debug|Any CPU
		{C0AAC329-A053-48FD-ABF2-DBB97DD990DB}.Debug|Any CPU.Build.0 = Debug|Any CPU
		{C0AAC329-A053-48FD-ABF2-DBB97DD990DB}.Release|Any CPU.ActiveCfg = Release|Any CPU
		{C0AAC329-A053-48FD-ABF2-DBB97DD990DB}.Release|Any CPU.Build.0 = Release|Any CPU
		{509C2C38-2B6D-41A5-8CF1-8C3BFF121A3F}.Debug|Any CPU.ActiveCfg = Debug|Any CPU
		{509C2C38-2B6D-41A5-8CF1-8C3BFF121A3F}.Debug|Any CPU.Build.0 = Debug|Any CPU
		{509C2C38-2B6D-41A5-8CF1-8C3BFF121A3F}.Release|Any CPU.ActiveCfg = Release|Any CPU
		{509C2C38-2B6D-41A5-8CF1-8C3BFF121A3F}.Release|Any CPU.Build.0 = Release|Any CPU
	EndGlobalSection
EndGlobal
